
Microsoft Visual Studio Solution File, Format Version 12.00
# Visual Studio Version 17
VisualStudioVersion = 17.8.34525.116
MinimumVisualStudioVersion = 10.0.40219.1
Project("{FAE04EC0-301F-11D3-BF4B-00C04F79EFBC}") = "RecommendationEngine.Client", "RecommendationEngine.Client\RecommendationEngine.Client.csproj", "{20124600-9768-4FF5-AAB0-3E3999557663}"
EndProject
Global
	GlobalSection(SolutionConfigurationPlatforms) = preSolution
		Debug|Any CPU = Debug|Any CPU
		Release|Any CPU = Release|Any CPU
	EndGlobalSection
	GlobalSection(ProjectConfigurationPlatforms) = postSolution
		{20124600-9768-4FF5-AAB0-3E3999557663}.Debug|Any CPU.ActiveCfg = Debug|Any CPU
		{20124600-9768-4FF5-AAB0-3E3999557663}.Debug|Any CPU.Build.0 = Debug|Any CPU
		{20124600-9768-4FF5-AAB0-3E3999557663}.Release|Any CPU.ActiveCfg = Release|Any CPU
		{20124600-9768-4FF5-AAB0-3E3999557663}.Release|Any CPU.Build.0 = Release|Any CPU
	EndGlobalSection
	GlobalSection(SolutionProperties) = preSolution
		HideSolutionNode = FALSE
	EndGlobalSection
	GlobalSection(ExtensibilityGlobals) = postSolution
		SolutionGuid = {D25DB1A3-71D7-4177-8F00-B8BCEB52833B}
	EndGlobalSection
EndGlobal
