
Microsoft Visual Studio Solution File, Format Version 12.00
# Visual Studio Version 17
VisualStudioVersion = 17.8.34525.116
MinimumVisualStudioVersion = 10.0.40219.1
Project("{FAE04EC0-301F-11D3-BF4B-00C04F79EFBC}") = "Server", "Server\Server.csproj", "{F270BB80-5CA5-4356-BA64-2C157ADD0D21}"
EndProject
Project("{FAE04EC0-301F-11D3-BF4B-00C04F79EFBC}") = "RecommendationEngine.Common", "RecommendationEngine.Common\RecommendationEngine.Common.csproj", "{7CE06D60-1B06-4AA0-914A-FD1073DC8D11}"
EndProject
Project("{FAE04EC0-301F-11D3-BF4B-00C04F79EFBC}") = "RecommendationEngine.Data", "RecommendationEngine.Data\RecommendationEngine.Data.csproj", "{DBB6EEB0-2E92-4BF3-9C97-CB9A4CB7FA9E}"
EndProject
Global
	GlobalSection(SolutionConfigurationPlatforms) = preSolution
		Debug|Any CPU = Debug|Any CPU
		Release|Any CPU = Release|Any CPU
	EndGlobalSection
	GlobalSection(ProjectConfigurationPlatforms) = postSolution
		{F270BB80-5CA5-4356-BA64-2C157ADD0D21}.Debug|Any CPU.ActiveCfg = Debug|Any CPU
		{F270BB80-5CA5-4356-BA64-2C157ADD0D21}.Debug|Any CPU.Build.0 = Debug|Any CPU
		{F270BB80-5CA5-4356-BA64-2C157ADD0D21}.Release|Any CPU.ActiveCfg = Release|Any CPU
		{F270BB80-5CA5-4356-BA64-2C157ADD0D21}.Release|Any CPU.Build.0 = Release|Any CPU
		{7CE06D60-1B06-4AA0-914A-FD1073DC8D11}.Debug|Any CPU.ActiveCfg = Debug|Any CPU
		{7CE06D60-1B06-4AA0-914A-FD1073DC8D11}.Debug|Any CPU.Build.0 = Debug|Any CPU
		{7CE06D60-1B06-4AA0-914A-FD1073DC8D11}.Release|Any CPU.ActiveCfg = Release|Any CPU
		{7CE06D60-1B06-4AA0-914A-FD1073DC8D11}.Release|Any CPU.Build.0 = Release|Any CPU
		{DBB6EEB0-2E92-4BF3-9C97-CB9A4CB7FA9E}.Debug|Any CPU.ActiveCfg = Debug|Any CPU
		{DBB6EEB0-2E92-4BF3-9C97-CB9A4CB7FA9E}.Debug|Any CPU.Build.0 = Debug|Any CPU
		{DBB6EEB0-2E92-4BF3-9C97-CB9A4CB7FA9E}.Release|Any CPU.ActiveCfg = Release|Any CPU
		{DBB6EEB0-2E92-4BF3-9C97-CB9A4CB7FA9E}.Release|Any CPU.Build.0 = Release|Any CPU
	EndGlobalSection
	GlobalSection(SolutionProperties) = preSolution
		HideSolutionNode = FALSE
	EndGlobalSection
	GlobalSection(ExtensibilityGlobals) = postSolution
		SolutionGuid = {16DD9A78-E8E1-43E3-BB29-6AE38B0C3408}
	EndGlobalSection
EndGlobal
